
Microsoft Visual Studio Solution File, Format Version 12.00
# Visual Studio Version 17
VisualStudioVersion = 17.4.33213.308
MinimumVisualStudioVersion = 10.0.40219.1
Project("{FAE04EC0-301F-11D3-BF4B-00C04F79EFBC}") = "UserManagement", "UserManagement\UserManagement.csproj", "{C4D7A664-7F21-4F1A-8826-7BF836658AD7}"
EndProject
Global
	GlobalSection(SolutionConfigurationPlatforms) = preSolution
		Debug|Any CPU = Debug|Any CPU
		Release|Any CPU = Release|Any CPU
	EndGlobalSection
	GlobalSection(ProjectConfigurationPlatforms) = postSolution
		{C4D7A664-7F21-4F1A-8826-7BF836658AD7}.Debug|Any CPU.ActiveCfg = Debug|Any CPU
		{C4D7A664-7F21-4F1A-8826-7BF836658AD7}.Debug|Any CPU.Build.0 = Debug|Any CPU
		{C4D7A664-7F21-4F1A-8826-7BF836658AD7}.Release|Any CPU.ActiveCfg = Release|Any CPU
		{C4D7A664-7F21-4F1A-8826-7BF836658AD7}.Release|Any CPU.Build.0 = Release|Any CPU
	EndGlobalSection
	GlobalSection(SolutionProperties) = preSolution
		HideSolutionNode = FALSE
	EndGlobalSection
	GlobalSection(ExtensibilityGlobals) = postSolution
		SolutionGuid = {41A3CB8B-D3B1-4D03-813C-51FF48C87E0C}
	EndGlobalSection
EndGlobal
